
Microsoft Visual Studio Solution File, Format Version 12.00
# Visual Studio 2013
VisualStudioVersion = 12.0.21005.1
MinimumVisualStudioVersion = 10.0.40219.1
Project("{FAE04EC0-301F-11D3-BF4B-00C04F79EFBC}") = "WebApplication1", "WebApplication1\WebApplication1.csproj", "{33462124-BCA7-445F-921D-1A26F84DA34D}"
EndProject
Project("{FAE04EC0-301F-11D3-BF4B-00C04F79EFBC}") = "WebApplication1.Test.Unit", "..\WebApplication1\WebApplication1.Test.Unit\WebApplication1.Test.Unit.csproj", "{56B11E9C-4E95-4A55-87B4-1D994253A069}"
EndProject
Global
	GlobalSection(SolutionConfigurationPlatforms) = preSolution
		Debug|Any CPU = Debug|Any CPU
		Release|Any CPU = Release|Any CPU
	EndGlobalSection
	GlobalSection(ProjectConfigurationPlatforms) = postSolution
		{33462124-BCA7-445F-921D-1A26F84DA34D}.Debug|Any CPU.ActiveCfg = Debug|Any CPU
		{33462124-BCA7-445F-921D-1A26F84DA34D}.Debug|Any CPU.Build.0 = Debug|Any CPU
		{33462124-BCA7-445F-921D-1A26F84DA34D}.Release|Any CPU.ActiveCfg = Release|Any CPU
		{33462124-BCA7-445F-921D-1A26F84DA34D}.Release|Any CPU.Build.0 = Release|Any CPU
		{56B11E9C-4E95-4A55-87B4-1D994253A069}.Debug|Any CPU.ActiveCfg = Debug|Any CPU
		{56B11E9C-4E95-4A55-87B4-1D994253A069}.Debug|Any CPU.Build.0 = Debug|Any CPU
		{56B11E9C-4E95-4A55-87B4-1D994253A069}.Release|Any CPU.ActiveCfg = Release|Any CPU
		{56B11E9C-4E95-4A55-87B4-1D994253A069}.Release|Any CPU.Build.0 = Release|Any CPU
	EndGlobalSection
	GlobalSection(SolutionProperties) = preSolution
		HideSolutionNode = FALSE
	EndGlobalSection
EndGlobal
